hash: d176a52200680e0082539a460361b73df85ae6b27e64de0e9bc620c8ad574527
updated: 2019-01-03T09:01:21.622289289-05:00
imports:
- name: github.com/agext/levenshtein
  version: 5f10fee965225ac1eecdc234c09daf5cd9e7f7b6
- name: github.com/alecthomas/template
  version: a0175ee3bccc567396460bf5acd36800cb10c49c
  subpackages:
  - parse
- name: github.com/alecthomas/units
  version: 2efee857e7cfd4f3d0138cc3cbb1b4966962b93a
- name: github.com/andybalholm/cascadia
  version: 680b6a57bda4f657485ad44bdea42342ead737bc
- name: github.com/aokoli/goutils
  version: 41ac8693c5c10a92ea1ff5ac3a7f95646f6123b0
- name: github.com/apparentlymart/go-cidr
  version: 1755c023625ec3a84979b90841a1ab067ed6c071
  subpackages:
  - cidr
- name: github.com/apparentlymart/go-textseg
  version: fb01f485ebef760e5ee06d55e1b07534dda2d295
  subpackages:
  - textseg
- name: github.com/armon/go-radix
  version: 1a2de0c21c94309923825da3df33a4381872c795
- name: github.com/aws/aws-sdk-go
  version: 1fae280bf2fb990480b751e0ba0d2428548c98b6
  subpackages:
  - aws
  - aws/awserr
  - aws/awsutil
  - aws/client
  - aws/client/metadata
  - aws/corehandlers
  - aws/credentials
  - aws/credentials/ec2rolecreds
  - aws/credentials/endpointcreds
  - aws/credentials/processcreds
  - aws/credentials/stscreds
  - aws/csm
  - aws/defaults
  - aws/ec2metadata
  - aws/endpoints
  - aws/request
  - aws/session
  - aws/signer/v4
  - internal/ini
  - internal/s3err
  - internal/sdkio
  - internal/sdkrand
  - internal/sdkuri
  - internal/shareddefaults
  - private/protocol
  - private/protocol/eventstream
  - private/protocol/eventstream/eventstreamapi
  - private/protocol/json/jsonutil
  - private/protocol/jsonrpc
  - private/protocol/query
  - private/protocol/query/queryutil
  - private/protocol/rest
  - private/protocol/restxml
  - private/protocol/xml/xmlutil
  - service/ecr
  - service/s3
  - service/ssm
  - service/sts
- name: github.com/bgentry/go-netrc
  version: 9fd32a8b3d3d3f9d43c341bfe098430e07609480
  subpackages:
  - netrc
- name: github.com/bgentry/speakeasy
  version: 4aabc24848ce5fd31929f7d1e4ea74d3709c14cd
- name: github.com/blang/semver
  version: 3c1074078d32d767e08ab2c8564867292da86926
- name: github.com/coveo/gotemplate
  version: 3edf3fa42949d978a47053705974f5a501da6ad4
  subpackages:
  - collections
  - collections/implementation
  - errors
  - hcl
  - json
  - template
  - utils
  - xml
  - yaml
- name: github.com/docker/distribution
  version: 40b7b5830a2337bb07627617740c0e39eb92800c
  subpackages:
  - digestset
  - reference
- name: github.com/docker/docker
  version: 3f7898cfcd537fed9f5df64ae0d11e7a2fa83208
  subpackages:
  - api
  - api/types
  - api/types/blkiodev
  - api/types/container
  - api/types/events
  - api/types/filters
  - api/types/image
  - api/types/mount
  - api/types/network
  - api/types/registry
  - api/types/strslice
  - api/types/swarm
  - api/types/swarm/runtime
  - api/types/time
  - api/types/versions
  - api/types/volume
  - client
  - errdefs
- name: github.com/docker/go-connections
  version: 97c2040d34dfae1d1b1275fa3a78dbdd2f41cf7e
  subpackages:
  - nat
  - sockets
  - tlsconfig
- name: github.com/docker/go-units
  version: 2fb04c6466a548a03cb009c5569ee1ab1e35398e
- name: github.com/drhodes/goLorem
  version: ecccc744c2d953a1e13cbe5e5fc5d4cbc9b8daeb
- name: github.com/fatih/color
  version: 3f9d52f7176a6927daacff70a3e8d1dc2025c53e
- name: github.com/go-errors/errors
  version: d98b870cc4e05f1545532a80e9909be8216095b6
- name: github.com/gogo/protobuf
  version: 8e4a75f11384d0fb2188d872d456407e41f33fc0
  subpackages:
  - proto
- name: github.com/google/go-cmp
  version: 2248b49eaa8e1c8c0963ee77b40841adbc19d4ca
  subpackages:
  - cmp
  - cmp/internal/diff
  - cmp/internal/function
  - cmp/internal/value
- name: github.com/google/uuid
  version: 064e2069ce9c359c118179501254f67d7d37ba24
- name: github.com/gruntwork-io/terragrunt
  version: 00221ed63526ef3b26bba8867a12322c8bd36a9f
  repo: https://github.com/coveo/terragrunt.git
  subpackages:
  - aws_helper
  - errors
  - util
- name: github.com/hashicorp/errwrap
  version: 8a6fb523712970c966eefc6b39ed2c5e74880354
- name: github.com/hashicorp/go-cleanhttp
  version: e8ab9daed8d1ddd2d3c4efba338fe2eeae2e4f18
- name: github.com/hashicorp/go-getter
  version: be39683deade1b3613258f751a2fad316d7b5e7c
  subpackages:
  - helper/url
- name: github.com/hashicorp/go-multierror
  version: 886a7fbe3eb1c874d46f623bfa70af45f425b3d1
- name: github.com/hashicorp/go-safetemp
  version: c9a55de4fe06c920a71964b53cfe3dd293a3c743
- name: github.com/hashicorp/go-uuid
  version: 4f571afc59f3043a65f8fe6bf46d887b10a01d43
- name: github.com/hashicorp/go-version
  version: b5a281d3160aa11950a6182bd9a9dc2cb1e02d50
- name: github.com/hashicorp/hcl
  version: 65a6292f0157eff210d03ed1bf6c59b190b8b906
  subpackages:
  - hcl/ast
  - hcl/parser
  - hcl/scanner
  - hcl/strconv
  - hcl/token
  - json/parser
  - json/scanner
  - json/token
- name: github.com/hashicorp/hcl2
  version: 6631d7cd0a68d20ba7d0aa559f883c86158fffd9
  subpackages:
  - gohcl
  - hcl
  - hcl/hclsyntax
  - hcl/json
  - hclparse
  - hclwrite
- name: github.com/hashicorp/hil
  version: fa9f258a92500514cc8e9c67020487709df92432
  subpackages:
  - ast
  - parser
  - scanner
- name: github.com/hashicorp/terraform
  version: ac4fff416318bf0915a0ab80e062a99ef3724334
  subpackages:
  - config
  - config/hcl2shim
  - config/module
  - dag
  - helper/hilmapstructure
  - httpclient
  - plugin/discovery
  - registry
  - registry/regsrc
  - registry/response
  - svchost
  - svchost/auth
  - svchost/disco
  - tfdiags
  - version
- name: github.com/huandu/xstrings
  version: 8bbcf2f9ccb55755e748b7644164cd4bdce94c1d
- name: github.com/imdario/mergo
  version: 9f23e2d6bd2a77f959b2bf6acdbefd708a83a4a4
- name: github.com/jmespath/go-jmespath
  version: c2b33e8439af944379acbdd9c3a5fe0bc44bd8a5
- name: github.com/Masterminds/semver
  version: 59c29afe1a994eacb71c833025ca7acf874bb1da
- name: github.com/Masterminds/sprig
  version: 6f47c5a313118e47c93c062ac4ed24eb141d0243
  repo: https://github.com/coveord/sprig
- name: github.com/mattn/go-colorable
  version: efa589957cd060542a26d2dd7832fd6a6c6c3ade
- name: github.com/mattn/go-isatty
  version: 3fb116b820352b7f0c281308a4d6250c22d94e27
- name: github.com/Microsoft/go-winio
  version: 97e4973ce50b2ff5f09635a57e2b88a037aae829
- name: github.com/mitchellh/cli
  version: 3d22a244be8aa6fb16ac24af0e195c08b7d973aa
- name: github.com/mitchellh/copystructure
  version: 9a1b6f44e8da0e0e374624fb0a825a231b00c537
- name: github.com/mitchellh/go-homedir
  version: ae18d6b8b3205b561c79e8e5f69bff09736185f4
- name: github.com/mitchellh/go-testing-interface
  version: 6d0b8010fcc857872e42fc6c931227569016843c
- name: github.com/mitchellh/go-wordwrap
  version: 9e67c67572bc5dd02aef930e2b0ae3c02a4b5a5c
- name: github.com/mitchellh/hashstructure
  version: a38c50148365edc8df43c1580c48fb2b3a1e9cd7
- name: github.com/mitchellh/mapstructure
  version: 3536a929edddb9a5b34bd6861dc4a9647cb459fe
- name: github.com/mitchellh/reflectwalk
  version: eecee6c969c02c8cc2ae48e1e269843ae8590796
- name: github.com/op/go-logging
  version: c6b9702d88ba878b81c49272d3fc470593698733
  repo: https://github.com/shenwei356/go-logging.git
- name: github.com/opencontainers/go-digest
  version: c9281466c8b2f606084ac71339773efd177436e7
- name: github.com/opencontainers/image-spec
  version: e74bb5aed1c876be723e181895359d8dca9b56a6
  subpackages:
  - specs-go
  - specs-go/v1
- name: github.com/pkg/errors
  version: ba968bfe8b2f7e042a574c888954fccecfa385b4
- name: github.com/posener/complete
  version: 3ef9b31a6a0613ae832e7ecf208374027c3b2343
  subpackages:
  - cmd
  - cmd/install
  - match
- name: github.com/PuerkitoBio/goquery
  version: 2d2796f41742ece03e8086188fa4db16a3a0b458
- name: github.com/sergi/go-diff
  version: da645544ed44df016359bd4c0e3dc60ee3a0da43
  subpackages:
  - diffmatchpatch
- name: github.com/stretchr/testify
  version: f35b8ab0b5a2cef36673838d662e249dd9c94686
  subpackages:
  - assert
- name: github.com/ulikunitz/xz
  version: 590df8077fbcb06ad62d7714da06c00e5dd2316d
  subpackages:
  - internal/hash
  - internal/xlog
  - lzma
- name: github.com/zclconf/go-cty
  version: 67e3da15e4309389854d5b28eaaede43da5ca9ad
  subpackages:
  - cty
  - cty/convert
  - cty/function
  - cty/function/stdlib
  - cty/gocty
  - cty/json
  - cty/set
- name: golang.org/x/crypto
  version: 505ab145d0a99da450461ae2c1a9f6cd10d1f447
  subpackages:
  - bcrypt
  - blowfish
  - cast5
  - openpgp
  - openpgp/armor
  - openpgp/elgamal
  - openpgp/errors
  - openpgp/packet
  - openpgp/s2k
  - pbkdf2
  - scrypt
  - ssh/terminal
- name: golang.org/x/net
  version: e147a9138326bc0e9d4e179541ffd8af41cff8a9
  subpackages:
  - html
  - html/atom
  - idna
  - internal/socks
  - proxy
- name: golang.org/x/sys
  version: 074acd46bca67915925527c07849494d115e7c43
  subpackages:
  - unix
  - windows
- name: golang.org/x/text
  version: e6919f6577db79269a6443b9dc46d18f2238fb5d
  subpackages:
  - secure/bidirule
  - transform
  - unicode/bidi
  - unicode/norm
- name: gopkg.in/alecthomas/kingpin.v2
  version: 947dcec5ba9c011838740e680966fd7087a71d0d
- name: gopkg.in/yaml.v2
  version: 51d6538a90f86fe93ac480b35f37b2be17fef232
testImports:
- name: github.com/davecgh/go-spew
  version: d8f796af33cc11cb798c1aaeb27a4ebc5099927d
  subpackages:
  - spew
- name: github.com/pmezard/go-difflib
  version: 792786c7400a136282c1664665ae0a8db921c6c2
  subpackages:
  - difflib
